{
    "_readme": [
        "This file locks the dependencies of your project to a known state",
        "Read more about it at https://getcomposer.org/doc/01-basic-usage.md#installing-dependencies",
        "This file is @generated automatically"
    ],
    "content-hash": "16d5be2bcf2e63e814a005076adc4e26",
    "packages": [
        {
            "name": "israel-nogueira/dotenv",
            "version": "v1.0.0",
            "source": {
                "type": "git",
                "url": "https://github.com/israel-nogueira/dotenv.git",
                "reference": "ffe6a27e1be807e45216252e9b2fb6c5e98292e5"
            },
            "dist": {
                "type": "zip",
                "url": "https://api.github.com/repos/israel-nogueira/dotenv/zipball/ffe6a27e1be807e45216252e9b2fb6c5e98292e5",
                "reference": "ffe6a27e1be807e45216252e9b2fb6c5e98292e5",
                "shasum": ""
            },
            "require": {
                "php": ">=7.4"
            },
            "type": "library",
            "autoload": {
                "psr-4": {
                    "IsraelNogueira\\Dotenv\\": "src/"
                }
            },
            "notification-url": "https://packagist.org/downloads/",
            "license": [
                "MIT"
            ],
            "authors": [
                {
                    "name": "Israel Nogueira",
                    "email": "israel@feats.com.br"
                }
            ],
            "description": "Gerencie de forma rápida seus arquivos .env",
            "keywords": [
                "dotenv",
                "env",
                "environment"
            ],
            "support": {
                "issues": "https://github.com/israel-nogueira/dotenv/issues",
                "source": "https://github.com/israel-nogueira/dotenv/tree/v1.0.0"
            },
            "time": "2023-06-07T18:18:53+00:00"
        }
    ],
    "packages-dev": [],
    "aliases": [],
    "minimum-stability": "stable",
    "stability-flags": [],
    "prefer-stable": false,
    "prefer-lowest": false,
    "platform": {
        "php": ">=7.0"
    },
    "platform-dev": [],
    "plugin-api-version": "2.3.0"
}
